
Microsoft Visual Studio Solution File, Format Version 12.00
# Visual Studio Version 16
VisualStudioVersion = 16.0.30611.23
MinimumVisualStudioVersion = 10.0.40219.1
Project("{9A19103F-16F7-4668-BE54-9A1E7A4F7556}") = "BS4Inputs.Components", "BS4Inputs.Components\BS4Inputs.Components.csproj", "{03369325-A591-446F-A374-CE60DCE4AC9B}"
EndProject
Global
	GlobalSection(SolutionConfigurationPlatforms) = preSolution
		Debug|Any CPU = Debug|Any CPU
		Release|Any CPU = Release|Any CPU
	EndGlobalSection
	GlobalSection(ProjectConfigurationPlatforms) = postSolution
		{03369325-A591-446F-A374-CE60DCE4AC9B}.Debug|Any CPU.ActiveCfg = Debug|Any CPU
		{03369325-A591-446F-A374-CE60DCE4AC9B}.Debug|Any CPU.Build.0 = Debug|Any CPU
		{03369325-A591-446F-A374-CE60DCE4AC9B}.Release|Any CPU.ActiveCfg = Release|Any CPU
		{03369325-A591-446F-A374-CE60DCE4AC9B}.Release|Any CPU.Build.0 = Release|Any CPU
	EndGlobalSection
	GlobalSection(SolutionProperties) = preSolution
		HideSolutionNode = FALSE
	EndGlobalSection
	GlobalSection(ExtensibilityGlobals) = postSolution
		SolutionGuid = {767C3A2B-0289-4E77-93B5-F21FD7ABB6EE}
	EndGlobalSection
EndGlobal
